
Microsoft Visual Studio Solution File, Format Version 12.00
# Visual Studio Version 16
VisualStudioVersion = 16.0.29911.84
MinimumVisualStudioVersion = 10.0.40219.1
Project("{9A19103F-16F7-4668-BE54-9A1E7A4F7556}") = "BusinessLayer", "BusinessLayer\BusinessLayer.csproj", "{8AFD7778-A0EE-4EDA-A410-EA99C3C9DB78}"
EndProject
Project("{9A19103F-16F7-4668-BE54-9A1E7A4F7556}") = "ServiceLayer", "ServiceLayer\ServiceLayer.csproj", "{F82E8126-A20D-482C-BB5F-5713DBC7803C}"
EndProject
Project("{9A19103F-16F7-4668-BE54-9A1E7A4F7556}") = "WebAPI", "WebAPI\WebAPI.csproj", "{A8B12563-9C70-4A5F-A3CC-A96663668FA6}"
EndProject
Project("{FAE04EC0-301F-11D3-BF4B-00C04F79EFBC}") = "DataLayer", "DataLayer\DataLayer.csproj", "{ADCE33AB-2A49-4BF1-B6FE-DBC3C14ED7D1}"
EndProject
Global
	GlobalSection(SolutionConfigurationPlatforms) = preSolution
		Debug|Any CPU = Debug|Any CPU
		Release|Any CPU = Release|Any CPU
	EndGlobalSection
	GlobalSection(ProjectConfigurationPlatforms) = postSolution
		{8AFD7778-A0EE-4EDA-A410-EA99C3C9DB78}.Debug|Any CPU.ActiveCfg = Debug|Any CPU
		{8AFD7778-A0EE-4EDA-A410-EA99C3C9DB78}.Debug|Any CPU.Build.0 = Debug|Any CPU
		{8AFD7778-A0EE-4EDA-A410-EA99C3C9DB78}.Release|Any CPU.ActiveCfg = Release|Any CPU
		{8AFD7778-A0EE-4EDA-A410-EA99C3C9DB78}.Release|Any CPU.Build.0 = Release|Any CPU
		{F82E8126-A20D-482C-BB5F-5713DBC7803C}.Debug|Any CPU.ActiveCfg = Debug|Any CPU
		{F82E8126-A20D-482C-BB5F-5713DBC7803C}.Debug|Any CPU.Build.0 = Debug|Any CPU
		{F82E8126-A20D-482C-BB5F-5713DBC7803C}.Release|Any CPU.ActiveCfg = Release|Any CPU
		{F82E8126-A20D-482C-BB5F-5713DBC7803C}.Release|Any CPU.Build.0 = Release|Any CPU
		{A8B12563-9C70-4A5F-A3CC-A96663668FA6}.Debug|Any CPU.ActiveCfg = Debug|Any CPU
		{A8B12563-9C70-4A5F-A3CC-A96663668FA6}.Debug|Any CPU.Build.0 = Debug|Any CPU
		{A8B12563-9C70-4A5F-A3CC-A96663668FA6}.Release|Any CPU.ActiveCfg = Release|Any CPU
		{A8B12563-9C70-4A5F-A3CC-A96663668FA6}.Release|Any CPU.Build.0 = Release|Any CPU
		{ADCE33AB-2A49-4BF1-B6FE-DBC3C14ED7D1}.Debug|Any CPU.ActiveCfg = Debug|Any CPU
		{ADCE33AB-2A49-4BF1-B6FE-DBC3C14ED7D1}.Debug|Any CPU.Build.0 = Debug|Any CPU
		{ADCE33AB-2A49-4BF1-B6FE-DBC3C14ED7D1}.Release|Any CPU.ActiveCfg = Release|Any CPU
		{ADCE33AB-2A49-4BF1-B6FE-DBC3C14ED7D1}.Release|Any CPU.Build.0 = Release|Any CPU
	EndGlobalSection
	GlobalSection(SolutionProperties) = preSolution
		HideSolutionNode = FALSE
	EndGlobalSection
	GlobalSection(ExtensibilityGlobals) = postSolution
		SolutionGuid = {EDC3E621-28E9-49A5-81E2-5528136C2E5A}
	EndGlobalSection
EndGlobal
