
Microsoft Visual Studio Solution File, Format Version 12.00
# Visual Studio Version 16
VisualStudioVersion = 16.0.29911.84
MinimumVisualStudioVersion = 10.0.40219.1
Project("{9A19103F-16F7-4668-BE54-9A1E7A4F7556}") = "BusinessLayer", "BusinessLayer\BusinessLayer.csproj", "{8AFD7778-A0EE-4EDA-A410-EA99C3C9DB78}"
EndProject
Project("{9A19103F-16F7-4668-BE54-9A1E7A4F7556}") = "ServiceLayer", "ServiceLayer\ServiceLayer.csproj", "{F82E8126-A20D-482C-BB5F-5713DBC7803C}"
EndProject
Project("{9A19103F-16F7-4668-BE54-9A1E7A4F7556}") = "WebAPI", "WebAPI\WebAPI.csproj", "{A8B12563-9C70-4A5F-A3CC-A96663668FA6}"
EndProject
Project("{9A19103F-16F7-4668-BE54-9A1E7A4F7556}") = "DataLayer", "DataLayer\DataLayer.csproj", "{ADCE33AB-2A49-4BF1-B6FE-DBC3C14ED7D1}"
EndProject
Project("{9A19103F-16F7-4668-BE54-9A1E7A4F7556}") = "Common", "Common\Common.csproj", "{93846323-F79D-46CF-8673-373E55D02275}"
EndProject
Project("{9A19103F-16F7-4668-BE54-9A1E7A4F7556}") = "DataLayer.EF", "DataLayer.EF\DataLayer.EF.csproj", "{82F68D44-C3A7-4ACD-B954-71D649F5AD87}"
EndProject
Project("{2150E333-8FDC-42A3-9474-1A3956D46DE8}") = "tests", "tests", "{BF8A12AA-7079-437B-8A64-FC0DF3818085}"
EndProject
Project("{FAE04EC0-301F-11D3-BF4B-00C04F79EFBC}") = "UnitTests", "tests\UnitTests\UnitTests.csproj", "{540D8C0E-C7F8-4A63-97E5-7B33C6B26CA3}"
EndProject
Global
	GlobalSection(SolutionConfigurationPlatforms) = preSolution
		Debug|Any CPU = Debug|Any CPU
		Release|Any CPU = Release|Any CPU
	EndGlobalSection
	GlobalSection(ProjectConfigurationPlatforms) = postSolution
		{8AFD7778-A0EE-4EDA-A410-EA99C3C9DB78}.Debug|Any CPU.ActiveCfg = Debug|Any CPU
		{8AFD7778-A0EE-4EDA-A410-EA99C3C9DB78}.Debug|Any CPU.Build.0 = Debug|Any CPU
		{8AFD7778-A0EE-4EDA-A410-EA99C3C9DB78}.Release|Any CPU.ActiveCfg = Release|Any CPU
		{8AFD7778-A0EE-4EDA-A410-EA99C3C9DB78}.Release|Any CPU.Build.0 = Release|Any CPU
		{F82E8126-A20D-482C-BB5F-5713DBC7803C}.Debug|Any CPU.ActiveCfg = Debug|Any CPU
		{F82E8126-A20D-482C-BB5F-5713DBC7803C}.Debug|Any CPU.Build.0 = Debug|Any CPU
		{F82E8126-A20D-482C-BB5F-5713DBC7803C}.Release|Any CPU.ActiveCfg = Release|Any CPU
		{F82E8126-A20D-482C-BB5F-5713DBC7803C}.Release|Any CPU.Build.0 = Release|Any CPU
		{A8B12563-9C70-4A5F-A3CC-A96663668FA6}.Debug|Any CPU.ActiveCfg = Debug|Any CPU
		{A8B12563-9C70-4A5F-A3CC-A96663668FA6}.Debug|Any CPU.Build.0 = Debug|Any CPU
		{A8B12563-9C70-4A5F-A3CC-A96663668FA6}.Release|Any CPU.ActiveCfg = Release|Any CPU
		{A8B12563-9C70-4A5F-A3CC-A96663668FA6}.Release|Any CPU.Build.0 = Release|Any CPU
		{ADCE33AB-2A49-4BF1-B6FE-DBC3C14ED7D1}.Debug|Any CPU.ActiveCfg = Debug|Any CPU
		{ADCE33AB-2A49-4BF1-B6FE-DBC3C14ED7D1}.Debug|Any CPU.Build.0 = Debug|Any CPU
		{ADCE33AB-2A49-4BF1-B6FE-DBC3C14ED7D1}.Release|Any CPU.ActiveCfg = Release|Any CPU
		{ADCE33AB-2A49-4BF1-B6FE-DBC3C14ED7D1}.Release|Any CPU.Build.0 = Release|Any CPU
		{93846323-F79D-46CF-8673-373E55D02275}.Debug|Any CPU.ActiveCfg = Debug|Any CPU
		{93846323-F79D-46CF-8673-373E55D02275}.Debug|Any CPU.Build.0 = Debug|Any CPU
		{93846323-F79D-46CF-8673-373E55D02275}.Release|Any CPU.ActiveCfg = Release|Any CPU
		{93846323-F79D-46CF-8673-373E55D02275}.Release|Any CPU.Build.0 = Release|Any CPU
		{82F68D44-C3A7-4ACD-B954-71D649F5AD87}.Debug|Any CPU.ActiveCfg = Debug|Any CPU
		{82F68D44-C3A7-4ACD-B954-71D649F5AD87}.Debug|Any CPU.Build.0 = Debug|Any CPU
		{82F68D44-C3A7-4ACD-B954-71D649F5AD87}.Release|Any CPU.ActiveCfg = Release|Any CPU
		{82F68D44-C3A7-4ACD-B954-71D649F5AD87}.Release|Any CPU.Build.0 = Release|Any CPU
		{540D8C0E-C7F8-4A63-97E5-7B33C6B26CA3}.Debug|Any CPU.ActiveCfg = Debug|Any CPU
		{540D8C0E-C7F8-4A63-97E5-7B33C6B26CA3}.Debug|Any CPU.Build.0 = Debug|Any CPU
		{540D8C0E-C7F8-4A63-97E5-7B33C6B26CA3}.Release|Any CPU.ActiveCfg = Release|Any CPU
		{540D8C0E-C7F8-4A63-97E5-7B33C6B26CA3}.Release|Any CPU.Build.0 = Release|Any CPU
	EndGlobalSection
	GlobalSection(SolutionProperties) = preSolution
		HideSolutionNode = FALSE
	EndGlobalSection
	GlobalSection(NestedProjects) = preSolution
		{540D8C0E-C7F8-4A63-97E5-7B33C6B26CA3} = {BF8A12AA-7079-437B-8A64-FC0DF3818085}
	EndGlobalSection
	GlobalSection(ExtensibilityGlobals) = postSolution
		SolutionGuid = {EDC3E621-28E9-49A5-81E2-5528136C2E5A}
	EndGlobalSection
EndGlobal
